
Microsoft Visual Studio Solution File, Format Version 12.00
# Visual Studio 2013
VisualStudioVersion = 12.0.21005.1
MinimumVisualStudioVersion = 10.0.40219.1
Project("{FAE04EC0-301F-11D3-BF4B-00C04F79EFBC}") = "PIHO DENTIST SOFTWARE", "PIHO DENTIST SOFTWARE.csproj", "{DC4CD005-CA6C-4F5A-8CDD-AF3B0EE0580B}"
EndProject
Global
	GlobalSection(SolutionConfigurationPlatforms) = preSolution
		Debug|x86 = Debug|x86
		Release|x86 = Release|x86
	EndGlobalSection
	GlobalSection(ProjectConfigurationPlatforms) = postSolution
		{DC4CD005-CA6C-4F5A-8CDD-AF3B0EE0580B}.Debug|x86.ActiveCfg = Debug|x86
		{DC4CD005-CA6C-4F5A-8CDD-AF3B0EE0580B}.Debug|x86.Build.0 = Debug|x86
		{DC4CD005-CA6C-4F5A-8CDD-AF3B0EE0580B}.Release|x86.ActiveCfg = Release|x86
		{DC4CD005-CA6C-4F5A-8CDD-AF3B0EE0580B}.Release|x86.Build.0 = Release|x86
	EndGlobalSection
	GlobalSection(SolutionProperties) = preSolution
		HideSolutionNode = FALSE
	EndGlobalSection
EndGlobal
